
Microsoft Visual Studio Solution File, Format Version 12.00
# Visual Studio Version 17
VisualStudioVersion = 17.7.33927.210
MinimumVisualStudioVersion = 10.0.40219.1
Project("{FAE04EC0-301F-11D3-BF4B-00C04F79EFBC}") = "Frontend.Blazor", "src\Frontend.Blazor\Frontend.Blazor.csproj", "{AA34B2A2-3D90-415D-A852-7BA4F493FA69}"
EndProject
Project("{2150E333-8FDC-42A3-9474-1A3956D46DE8}") = "Solution Items", "Solution Items", "{A75D0540-ADAE-4CAE-8111-DACFD0A2DCE6}"
	ProjectSection(SolutionItems) = preProject
		.gitignore = .gitignore
		.dockerignore = .dockerignore
		Readme.md = Readme.md
	EndProjectSection
EndProject
Project("{FAE04EC0-301F-11D3-BF4B-00C04F79EFBC}") = "Backend.API", "src\Backend.API\Backend.API.csproj", "{90A6FFA3-9C09-4383-A9BA-457531F36D02}"
EndProject
Global
	GlobalSection(SolutionConfigurationPlatforms) = preSolution
		Debug|Any CPU = Debug|Any CPU
		Release|Any CPU = Release|Any CPU
	EndGlobalSection
	GlobalSection(ProjectConfigurationPlatforms) = postSolution
		{AA34B2A2-3D90-415D-A852-7BA4F493FA69}.Debug|Any CPU.ActiveCfg = Debug|Any CPU
		{AA34B2A2-3D90-415D-A852-7BA4F493FA69}.Debug|Any CPU.Build.0 = Debug|Any CPU
		{AA34B2A2-3D90-415D-A852-7BA4F493FA69}.Release|Any CPU.ActiveCfg = Release|Any CPU
		{AA34B2A2-3D90-415D-A852-7BA4F493FA69}.Release|Any CPU.Build.0 = Release|Any CPU
		{90A6FFA3-9C09-4383-A9BA-457531F36D02}.Debug|Any CPU.ActiveCfg = Debug|Any CPU
		{90A6FFA3-9C09-4383-A9BA-457531F36D02}.Debug|Any CPU.Build.0 = Debug|Any CPU
		{90A6FFA3-9C09-4383-A9BA-457531F36D02}.Release|Any CPU.ActiveCfg = Release|Any CPU
		{90A6FFA3-9C09-4383-A9BA-457531F36D02}.Release|Any CPU.Build.0 = Release|Any CPU
	EndGlobalSection
	GlobalSection(SolutionProperties) = preSolution
		HideSolutionNode = FALSE
	EndGlobalSection
	GlobalSection(ExtensibilityGlobals) = postSolution
		SolutionGuid = {2ABA5332-C98C-4A93-85CD-7D87610EB0E4}
	EndGlobalSection
EndGlobal
